
Microsoft Visual Studio Solution File, Format Version 12.00
# Visual Studio 14
VisualStudioVersion = 14.0.25420.1
MinimumVisualStudioVersion = 10.0.40219.1
Project("{FAE04EC0-301F-11D3-BF4B-00C04F79EFBC}") = "Teht_01", "Teht_01\Teht_01.csproj", "{50A6BB11-5DB0-42BA-B197-49F87F15A286}"
EndProject
Project("{FAE04EC0-301F-11D3-BF4B-00C04F79EFBC}") = "Teht_02", "Teht_02\Teht_02.csproj", "{034392C5-47C9-4625-98A0-5F7992F021A3}"
EndProject
Project("{FAE04EC0-301F-11D3-BF4B-00C04F79EFBC}") = "Teht_03", "Teht_03\Teht_03.csproj", "{F606614A-4BEB-4691-905E-566C84F323F2}"
EndProject
Project("{FAE04EC0-301F-11D3-BF4B-00C04F79EFBC}") = "Teht_04", "Teht_04\Teht_04.csproj", "{BC35D08D-524A-48D7-B9AA-8DDCADF62A65}"
EndProject
Global
	GlobalSection(SolutionConfigurationPlatforms) = preSolution
		Debug|Any CPU = Debug|Any CPU
		Release|Any CPU = Release|Any CPU
	EndGlobalSection
	GlobalSection(ProjectConfigurationPlatforms) = postSolution
		{50A6BB11-5DB0-42BA-B197-49F87F15A286}.Debug|Any CPU.ActiveCfg = Debug|Any CPU
		{50A6BB11-5DB0-42BA-B197-49F87F15A286}.Debug|Any CPU.Build.0 = Debug|Any CPU
		{50A6BB11-5DB0-42BA-B197-49F87F15A286}.Release|Any CPU.ActiveCfg = Release|Any CPU
		{50A6BB11-5DB0-42BA-B197-49F87F15A286}.Release|Any CPU.Build.0 = Release|Any CPU
		{034392C5-47C9-4625-98A0-5F7992F021A3}.Debug|Any CPU.ActiveCfg = Debug|Any CPU
		{034392C5-47C9-4625-98A0-5F7992F021A3}.Debug|Any CPU.Build.0 = Debug|Any CPU
		{034392C5-47C9-4625-98A0-5F7992F021A3}.Release|Any CPU.ActiveCfg = Release|Any CPU
		{034392C5-47C9-4625-98A0-5F7992F021A3}.Release|Any CPU.Build.0 = Release|Any CPU
		{F606614A-4BEB-4691-905E-566C84F323F2}.Debug|Any CPU.ActiveCfg = Debug|Any CPU
		{F606614A-4BEB-4691-905E-566C84F323F2}.Debug|Any CPU.Build.0 = Debug|Any CPU
		{F606614A-4BEB-4691-905E-566C84F323F2}.Release|Any CPU.ActiveCfg = Release|Any CPU
		{F606614A-4BEB-4691-905E-566C84F323F2}.Release|Any CPU.Build.0 = Release|Any CPU
		{BC35D08D-524A-48D7-B9AA-8DDCADF62A65}.Debug|Any CPU.ActiveCfg = Debug|Any CPU
		{BC35D08D-524A-48D7-B9AA-8DDCADF62A65}.Debug|Any CPU.Build.0 = Debug|Any CPU
		{BC35D08D-524A-48D7-B9AA-8DDCADF62A65}.Release|Any CPU.ActiveCfg = Release|Any CPU
		{BC35D08D-524A-48D7-B9AA-8DDCADF62A65}.Release|Any CPU.Build.0 = Release|Any CPU
	EndGlobalSection
	GlobalSection(SolutionProperties) = preSolution
		HideSolutionNode = FALSE
	EndGlobalSection
EndGlobal
